Microsoft Visual Studio Solution File, Format Version 12.00
# Visual Studio Version 17
VisualStudioVersion = 17.5.2.0
MinimumVisualStudioVersion = 10.0.40219.1
Project("{2150E333-8FDC-42A3-9474-1A3956D46DE8}") = "Grappling Glock", "Grappling Glock", "{F6D389AE-DF6B-41AF-F5A8-91589825EF0D}"
EndProject
Project("{FAE04EC0-301F-11D3-BF4B-00C04F79EFBC}") = "Assembly-CSharp-Editor", "Grappling Glock\Assembly-CSharp-Editor.csproj", "{45A36462-DA39-DE96-3014-A4AF90D314E0}"
EndProject
Project("{FAE04EC0-301F-11D3-BF4B-00C04F79EFBC}") = "Assembly-CSharp", "Grappling Glock\Assembly-CSharp.csproj", "{8C2B6F2B-A5BD-855C-16BA-D2DC9FA05FD8}"
EndProject
Global
	GlobalSection(SolutionConfigurationPlatforms) = preSolution
		Debug|Any CPU = Debug|Any CPU
		Release|Any CPU = Release|Any CPU
	EndGlobalSection
	GlobalSection(ProjectConfigurationPlatforms) = postSolution
		{45A36462-DA39-DE96-3014-A4AF90D314E0}.Debug|Any CPU.ActiveCfg = Debug|Any CPU
		{45A36462-DA39-DE96-3014-A4AF90D314E0}.Debug|Any CPU.Build.0 = Debug|Any CPU
		{45A36462-DA39-DE96-3014-A4AF90D314E0}.Release|Any CPU.ActiveCfg = Release|Any CPU
		{45A36462-DA39-DE96-3014-A4AF90D314E0}.Release|Any CPU.Build.0 = Release|Any CPU
		{8C2B6F2B-A5BD-855C-16BA-D2DC9FA05FD8}.Debug|Any CPU.ActiveCfg = Debug|Any CPU
		{8C2B6F2B-A5BD-855C-16BA-D2DC9FA05FD8}.Debug|Any CPU.Build.0 = Debug|Any CPU
		{8C2B6F2B-A5BD-855C-16BA-D2DC9FA05FD8}.Release|Any CPU.ActiveCfg = Release|Any CPU
		{8C2B6F2B-A5BD-855C-16BA-D2DC9FA05FD8}.Release|Any CPU.Build.0 = Release|Any CPU
	EndGlobalSection
	GlobalSection(SolutionProperties) = preSolution
		HideSolutionNode = FALSE
	EndGlobalSection
	GlobalSection(NestedProjects) = preSolution
		{45A36462-DA39-DE96-3014-A4AF90D314E0} = {F6D389AE-DF6B-41AF-F5A8-91589825EF0D}
		{8C2B6F2B-A5BD-855C-16BA-D2DC9FA05FD8} = {F6D389AE-DF6B-41AF-F5A8-91589825EF0D}
	EndGlobalSection
	GlobalSection(ExtensibilityGlobals) = postSolution
		SolutionGuid = {BFAB298B-F630-4A24-9292-8315915608B0}
	EndGlobalSection
EndGlobal
